// !$*UTF8*$!
{
	archiveVersion = 1;
	classes = {
	};
	objectVersion = 70;
	objects = {

/* Begin PBXBuildFile section */
		820B46AC2F0A5AC300DBA30A /* Logging.swift in Sources */ = {isa = PBXBuildFile; fileRef = 820B46AB2F0A5AC300DBA30A /* Logging.swift */; };
		820B46AE2F0A5B4700DBA30A /* LoggingService.swift in Sources */ = {isa = PBXBuildFile; fileRef = 820B46AD2F0A5B4700DBA30A /* LoggingService.swift */; };
		820FAEF62E5A459F008BAB5D /* JourneyTimeSelection.swift in Sources */ = {isa = PBXBuildFile; fileRef = 820FAEF52E5A4597008BAB5D /* JourneyTimeSelection.swift */; };
		821A04212E315603000C8069 /* ResultView.swift in Sources */ = {isa = PBXBuildFile; fileRef = 821A04202E315601000C8069 /* ResultView.swift */; };
		822B2BF12E2D3712005C823D /* ValidationError.swift in Sources */ = {isa = PBXBuildFile; fileRef = 822B2BF02E2D370E005C823D /* ValidationError.swift */; };
		822B2BF32E2D37DE005C823D /* ValidationErrorType.swift in Sources */ = {isa = PBXBuildFile; fileRef = 822B2BF22E2D37D9005C823D /* ValidationErrorType.swift */; };
		828BCB872E510D9A00C771C8 /* Localizable.xcstrings in Resources */ = {isa = PBXBuildFile; fileRef = 828BCB862E510D9A00C771C8 /* Localizable.xcstrings */; };
		82A10DA92F2D341E00B82BC3 /* UrlBuilding.swift in Sources */ = {isa = PBXBuildFile; fileRef = 82A10DA82F2D341E00B82BC3 /* UrlBuilding.swift */; };
		82A10DAB2F2D34D400B82BC3 /* UrlErrorHandling.swift in Sources */ = {isa = PBXBuildFile; fileRef = 82A10DAA2F2D34D400B82BC3 /* UrlErrorHandling.swift */; };
		82A10DAD2F2D351A00B82BC3 /* ResponseDecoding.swift in Sources */ = {isa = PBXBuildFile; fileRef = 82A10DAC2F2D351A00B82BC3 /* ResponseDecoding.swift */; };
		82A10DB12F2D357800B82BC3 /* UrlBuilderService.swift in Sources */ = {isa = PBXBuildFile; fileRef = 82A10DB02F2D357800B82BC3 /* UrlBuilderService.swift */; };
		82ACC6DB2E2AC59900833A41 /* PickerView.swift in Sources */ = {isa = PBXBuildFile; fileRef = 82ACC6DA2E2AC59400833A41 /* PickerView.swift */; };
		82B583AF2E59C8D900FB0DAB /* TrainAPIService.swift in Sources */ = {isa = PBXBuildFile; fileRef = 82B583AE2E59C8D900FB0DAB /* TrainAPIService.swift */; };
		82B583B12E59C91500FB0DAB /* TrainAPIRequestSending.swift in Sources */ = {isa = PBXBuildFile; fileRef = 82B583B02E59C90C00FB0DAB /* TrainAPIRequestSending.swift */; };
		82B583B32E59D60B00FB0DAB /* Station.swift in Sources */ = {isa = PBXBuildFile; fileRef = 82B583B22E59D5F400FB0DAB /* Station.swift */; };
		82BF0B2C2EA6B43C00ABDB13 /* Stop.swift in Sources */ = {isa = PBXBuildFile; fileRef = 82BF0B2B2EA6B43C00ABDB13 /* Stop.swift */; };
		82BF0B2E2EA6B44F00ABDB13 /* Stopover.swift in Sources */ = {isa = PBXBuildFile; fileRef = 82BF0B2D2EA6B44F00ABDB13 /* Stopover.swift */; };
		82BF0B302EA6BD4C00ABDB13 /* VenueResponse.swift in Sources */ = {isa = PBXBuildFile; fileRef = 82BF0B2F2EA6BD4C00ABDB13 /* VenueResponse.swift */; };
		82BF0B322EA6BD9B00ABDB13 /* Venue.swift in Sources */ = {isa = PBXBuildFile; fileRef = 82BF0B312EA6BD9B00ABDB13 /* Venue.swift */; };
		82C3B0C12EA5288C00AF6D65 /* EventResonse.swift in Sources */ = {isa = PBXBuildFile; fileRef = 82C3B0C02EA5288C00AF6D65 /* EventResonse.swift */; };
		82C448B32E48FE4400DE0AE5 /* SoccerAPIService.swift in Sources */ = {isa = PBXBuildFile; fileRef = 82C448B22E48FE4400DE0AE5 /* SoccerAPIService.swift */; };
		82C448B62E48FF2700DE0AE5 /* MatchCheckerService.swift in Sources */ = {isa = PBXBuildFile; fileRef = 82C448B52E48FF2700DE0AE5 /* MatchCheckerService.swift */; };
		82C448E52E49083700DE0AE5 /* SoccerAPIRequestSending.swift in Sources */ = {isa = PBXBuildFile; fileRef = 82C448E42E49083700DE0AE5 /* SoccerAPIRequestSending.swift */; };
		82C448E92E4908EB00DE0AE5 /* MatchChecking.swift in Sources */ = {isa = PBXBuildFile; fileRef = 82C448E82E4908EB00DE0AE5 /* MatchChecking.swift */; };
		82F696432E2B84D800949282 /* Event.swift in Sources */ = {isa = PBXBuildFile; fileRef = 82F696422E2B84D600949282 /* Event.swift */; };
		82F696452E2B84FA00949282 /* Team.swift in Sources */ = {isa = PBXBuildFile; fileRef = 82F696442E2B84F800949282 /* Team.swift */; };
		82F696472E2B853F00949282 /* MatchResult.swift in Sources */ = {isa = PBXBuildFile; fileRef = 82F696462E2B853C00949282 /* MatchResult.swift */; };
		82FAF7C32E9A8F64003FFCF1 /* Journey.swift in Sources */ = {isa = PBXBuildFile; fileRef = 82FAF7C22E9A8F64003FFCF1 /* Journey.swift */; };
		82FAF7CB2E9A9161003FFCF1 /* JourneyResponse.swift in Sources */ = {isa = PBXBuildFile; fileRef = 82FAF7CA2E9A9161003FFCF1 /* JourneyResponse.swift */; };
		82FAF7CD2E9A9564003FFCF1 /* Leg.swift in Sources */ = {isa = PBXBuildFile; fileRef = 82FAF7CC2E9A9564003FFCF1 /* Leg.swift */; };
		82FAF7CF2E9A97EE003FFCF1 /* TrainSelectionView.swift in Sources */ = {isa = PBXBuildFile; fileRef = 82FAF7CE2E9A97EE003FFCF1 /* TrainSelectionView.swift */; };
		82FAF7D12E9A9A60003FFCF1 /* JourneyRow.swift in Sources */ = {isa = PBXBuildFile; fileRef = 82FAF7D02E9A9A60003FFCF1 /* JourneyRow.swift */; };
		82FD1C1E2E2D1B3B00FCE8F8 /* UserInput.swift in Sources */ = {isa = PBXBuildFile; fileRef = 82FD1C1D2E2D1B3800FCE8F8 /* UserInput.swift */; };
		82FD1C242E2D207200FCE8F8 /* ValidationAlertError.swift in Sources */ = {isa = PBXBuildFile; fileRef = 82FD1C232E2D206B00FCE8F8 /* ValidationAlertError.swift */; };
		B0AE80A42A98C6B300EA557E /* avoid_fansApp.swift in Sources */ = {isa = PBXBuildFile; fileRef = B0AE80A32A98C6B300EA557E /* avoid_fansApp.swift */; };
		B0AE80A82A98C6B700EA557E /* Assets.xcassets in Resources */ = {isa = PBXBuildFile; fileRef = B0AE80A72A98C6B700EA557E /* Assets.xcassets */; };
		B0AE80AB2A98C6B700EA557E /* Preview Assets.xcassets in Resources */ = {isa = PBXBuildFile; fileRef = B0AE80AA2A98C6B700EA557E /* Preview Assets.xcassets */; };
		B0AE80CE2A98C86F00EA557E /* ContentView.swift in Sources */ = {isa = PBXBuildFile; fileRef = B0AE80CD2A98C86F00EA557E /* ContentView.swift */; };
		B0AE80D42A98D29800EA557E /* UserInputView.swift in Sources */ = {isa = PBXBuildFile; fileRef = B0AE80D32A98D29800EA557E /* UserInputView.swift */; };
/* End PBXBuildFile section */

/* Begin PBXContainerItemProxy section */
		82858AF12E34EDAB0043F0FA /* PBXContainerItemProxy */ = {
			isa = PBXContainerItemProxy;
			containerPortal = B0AE80982A98C6B300EA557E /* Project object */;
			proxyType = 1;
			remoteGlobalIDString = B0AE809F2A98C6B300EA557E;
			remoteInfo = "avoid-fans";
		};
		82FD1C2E2E2D2D2200FCE8F8 /* PBXContainerItemProxy */ = {
			isa = PBXContainerItemProxy;
			containerPortal = B0AE80982A98C6B300EA557E /* Project object */;
			proxyType = 1;
			remoteGlobalIDString = B0AE809F2A98C6B300EA557E;
			remoteInfo = "avoid-fans";
		};
/* End PBXContainerItemProxy section */

/* Begin PBXFileReference section */
		820B46AB2F0A5AC300DBA30A /* Logging.swift */ = {isa = PBXFileReference; lastKnownFileType = sourcecode.swift; path = Logging.swift; sourceTree = "<group>"; };
		820B46AD2F0A5B4700DBA30A /* LoggingService.swift */ = {isa = PBXFileReference; lastKnownFileType = sourcecode.swift; path = LoggingService.swift; sourceTree = "<group>"; };
		820FAEF52E5A4597008BAB5D /* JourneyTimeSelection.swift */ = {isa = PBXFileReference; lastKnownFileType = sourcecode.swift; path = JourneyTimeSelection.swift; sourceTree = "<group>"; };
		821A04202E315601000C8069 /* ResultView.swift */ = {isa = PBXFileReference; lastKnownFileType = sourcecode.swift; path = ResultView.swift; sourceTree = "<group>"; };
		822B2BF02E2D370E005C823D /* ValidationError.swift */ = {isa = PBXFileReference; lastKnownFileType = sourcecode.swift; path = ValidationError.swift; sourceTree = "<group>"; };
		822B2BF22E2D37D9005C823D /* ValidationErrorType.swift */ = {isa = PBXFileReference; lastKnownFileType = sourcecode.swift; path = ValidationErrorType.swift; sourceTree = "<group>"; };
		824F142E2E2ECFC1008651F6 /* avoid-fans.xctestplan */ = {isa = PBXFileReference; lastKnownFileType = text; path = "avoid-fans.xctestplan"; sourceTree = "<group>"; };
		82858AEB2E34EDAB0043F0FA /* avoid-fansUITests.xctest */ = {isa = PBXFileReference; explicitFileType = wrapper.cfbundle; includeInIndex = 0; path = "avoid-fansUITests.xctest"; sourceTree = BUILT_PRODUCTS_DIR; };
		828BCB862E510D9A00C771C8 /* Localizable.xcstrings */ = {isa = PBXFileReference; lastKnownFileType = text.json.xcstrings; path = Localizable.xcstrings; sourceTree = "<group>"; };
		82A10DA82F2D341E00B82BC3 /* UrlBuilding.swift */ = {isa = PBXFileReference; lastKnownFileType = sourcecode.swift; path = UrlBuilding.swift; sourceTree = "<group>"; };
		82A10DAA2F2D34D400B82BC3 /* UrlErrorHandling.swift */ = {isa = PBXFileReference; lastKnownFileType = sourcecode.swift; path = UrlErrorHandling.swift; sourceTree = "<group>"; };
		82A10DAC2F2D351A00B82BC3 /* ResponseDecoding.swift */ = {isa = PBXFileReference; lastKnownFileType = sourcecode.swift; path = ResponseDecoding.swift; sourceTree = "<group>"; };
		82A10DB02F2D357800B82BC3 /* UrlBuilderService.swift */ = {isa = PBXFileReference; lastKnownFileType = sourcecode.swift; path = UrlBuilderService.swift; sourceTree = "<group>"; };
		82ACC6DA2E2AC59400833A41 /* PickerView.swift */ = {isa = PBXFileReference; lastKnownFileType = sourcecode.swift; path = PickerView.swift; sourceTree = "<group>"; };
		82B583AE2E59C8D900FB0DAB /* TrainAPIService.swift */ = {isa = PBXFileReference; lastKnownFileType = sourcecode.swift; path = TrainAPIService.swift; sourceTree = "<group>"; };
		82B583B02E59C90C00FB0DAB /* TrainAPIRequestSending.swift */ = {isa = PBXFileReference; lastKnownFileType = sourcecode.swift; path = TrainAPIRequestSending.swift; sourceTree = "<group>"; };
		82B583B22E59D5F400FB0DAB /* Station.swift */ = {isa = PBXFileReference; lastKnownFileType = sourcecode.swift; path = Station.swift; sourceTree = "<group>"; };
		82BF0B2B2EA6B43C00ABDB13 /* Stop.swift */ = {isa = PBXFileReference; lastKnownFileType = sourcecode.swift; path = Stop.swift; sourceTree = "<group>"; };
		82BF0B2D2EA6B44F00ABDB13 /* Stopover.swift */ = {isa = PBXFileReference; lastKnownFileType = sourcecode.swift; path = Stopover.swift; sourceTree = "<group>"; };
		82BF0B2F2EA6BD4C00ABDB13 /* VenueResponse.swift */ = {isa = PBXFileReference; lastKnownFileType = sourcecode.swift; path = VenueResponse.swift; sourceTree = "<group>"; };
		82BF0B312EA6BD9B00ABDB13 /* Venue.swift */ = {isa = PBXFileReference; lastKnownFileType = sourcecode.swift; path = Venue.swift; sourceTree = "<group>"; };
		82C3B0C02EA5288C00AF6D65 /* EventResonse.swift */ = {isa = PBXFileReference; lastKnownFileType = sourcecode.swift; path = EventResonse.swift; sourceTree = "<group>"; };
		82C448B22E48FE4400DE0AE5 /* SoccerAPIService.swift */ = {isa = PBXFileReference; lastKnownFileType = sourcecode.swift; path = SoccerAPIService.swift; sourceTree = "<group>"; };
		82C448B52E48FF2700DE0AE5 /* MatchCheckerService.swift */ = {isa = PBXFileReference; lastKnownFileType = sourcecode.swift; path = MatchCheckerService.swift; sourceTree = "<group>"; };
		82C448E42E49083700DE0AE5 /* SoccerAPIRequestSending.swift */ = {isa = PBXFileReference; lastKnownFileType = sourcecode.swift; path = SoccerAPIRequestSending.swift; sourceTree = "<group>"; };
		82C448E82E4908EB00DE0AE5 /* MatchChecking.swift */ = {isa = PBXFileReference; lastKnownFileType = sourcecode.swift; path = MatchChecking.swift; sourceTree = "<group>"; };
		82F696422E2B84D600949282 /* Event.swift */ = {isa = PBXFileReference; lastKnownFileType = sourcecode.swift; path = Event.swift; sourceTree = "<group>"; };
		82F696442E2B84F800949282 /* Team.swift */ = {isa = PBXFileReference; lastKnownFileType = sourcecode.swift; path = Team.swift; sourceTree = "<group>"; };
		82F696462E2B853C00949282 /* MatchResult.swift */ = {isa = PBXFileReference; lastKnownFileType = sourcecode.swift; path = MatchResult.swift; sourceTree = "<group>"; };
		82FAF7C22E9A8F64003FFCF1 /* Journey.swift */ = {isa = PBXFileReference; lastKnownFileType = sourcecode.swift; path = Journey.swift; sourceTree = "<group>"; };
		82FAF7CA2E9A9161003FFCF1 /* JourneyResponse.swift */ = {isa = PBXFileReference; lastKnownFileType = sourcecode.swift; path = JourneyResponse.swift; sourceTree = "<group>"; };
		82FAF7CC2E9A9564003FFCF1 /* Leg.swift */ = {isa = PBXFileReference; lastKnownFileType = sourcecode.swift; path = Leg.swift; sourceTree = "<group>"; };
		82FAF7CE2E9A97EE003FFCF1 /* TrainSelectionView.swift */ = {isa = PBXFileReference; lastKnownFileType = sourcecode.swift; path = TrainSelectionView.swift; sourceTree = "<group>"; };
		82FAF7D02E9A9A60003FFCF1 /* JourneyRow.swift */ = {isa = PBXFileReference; lastKnownFileType = sourcecode.swift; path = JourneyRow.swift; sourceTree = "<group>"; };
		82FD1C1D2E2D1B3800FCE8F8 /* UserInput.swift */ = {isa = PBXFileReference; lastKnownFileType = sourcecode.swift; path = UserInput.swift; sourceTree = "<group>"; };
		82FD1C232E2D206B00FCE8F8 /* ValidationAlertError.swift */ = {isa = PBXFileReference; lastKnownFileType = sourcecode.swift; path = ValidationAlertError.swift; sourceTree = "<group>"; };
		82FD1C2A2E2D2D2200FCE8F8 /* Unit Tests.xctest */ = {isa = PBXFileReference; explicitFileType = wrapper.cfbundle; includeInIndex = 0; path = "Unit Tests.xctest"; sourceTree = BUILT_PRODUCTS_DIR; };
		B0AE80A02A98C6B300EA557E /* avoid-fans.app */ = {isa = PBXFileReference; explicitFileType = wrapper.application; includeInIndex = 0; path = "avoid-fans.app"; sourceTree = BUILT_PRODUCTS_DIR; };
		B0AE80A32A98C6B300EA557E /* avoid_fansApp.swift */ = {isa = PBXFileReference; lastKnownFileType = sourcecode.swift; path = avoid_fansApp.swift; sourceTree = "<group>"; };
		B0AE80A72A98C6B700EA557E /* Assets.xcassets */ = {isa = PBXFileReference; lastKnownFileType = folder.assetcatalog; path = Assets.xcassets; sourceTree = "<group>"; };
		B0AE80AA2A98C6B700EA557E /* Preview Assets.xcassets */ = {isa = PBXFileReference; lastKnownFileType = folder.assetcatalog; path = "Preview Assets.xcassets"; sourceTree = "<group>"; };
		B0AE80CD2A98C86F00EA557E /* ContentView.swift */ = {isa = PBXFileReference; lastKnownFileType = sourcecode.swift; path = ContentView.swift; sourceTree = "<group>"; };
		B0AE80D32A98D29800EA557E /* UserInputView.swift */ = {isa = PBXFileReference; lastKnownFileType = sourcecode.swift; path = UserInputView.swift; sourceTree = "<group>"; };
/* End PBXFileReference section */

/* Begin PBXFileSystemSynchronizedRootGroup section */
		82858AEC2E34EDAB0043F0FA /* avoid-fansUITests */ = {isa = PBXFileSystemSynchronizedRootGroup; explicitFileTypes = {}; explicitFolders = (); path = "avoid-fansUITests"; sourceTree = "<group>"; };
		82F6964A2E2B8C9F00949282 /* Util */ = {isa = PBXFileSystemSynchronizedRootGroup; explicitFileTypes = {}; explicitFolders = (); path = Util; sourceTree = "<group>"; };
		82FC26362E33FAED00A2891C /* Styles */ = {isa = PBXFileSystemSynchronizedRootGroup; explicitFileTypes = {}; explicitFolders = (); path = Styles; sourceTree = "<group>"; };
		82FD1C192E2D19C100FCE8F8 /* ViewModel */ = {isa = PBXFileSystemSynchronizedRootGroup; explicitFileTypes = {}; explicitFolders = (); path = ViewModel; sourceTree = "<group>"; };
		82FD1C1F2E2D200000FCE8F8 /* Extension */ = {isa = PBXFileSystemSynchronizedRootGroup; explicitFileTypes = {}; explicitFolders = (); path = Extension; sourceTree = "<group>"; };
		82FD1C2B2E2D2D2200FCE8F8 /* Unit Tests */ = {isa = PBXFileSystemSynchronizedRootGroup; explicitFileTypes = {}; explicitFolders = (); path = "Unit Tests"; sourceTree = "<group>"; };
/* End PBXFileSystemSynchronizedRootGroup section */

/* Begin PBXFrameworksBuildPhase section */
		82858AE82E34EDAB0043F0FA /* Frameworks */ = {
			isa = PBXFrameworksBuildPhase;
			buildActionMask = 2147483647;
			files = (
			);
			runOnlyForDeploymentPostprocessing = 0;
		};
		82FD1C272E2D2D2200FCE8F8 /* Frameworks */ = {
			isa = PBXFrameworksBuildPhase;
			buildActionMask = 2147483647;
			files = (
			);
			runOnlyForDeploymentPostprocessing = 0;
		};
		B0AE809D2A98C6B300EA557E /* Frameworks */ = {
			isa = PBXFrameworksBuildPhase;
			buildActionMask = 2147483647;
			files = (
			);
			runOnlyForDeploymentPostprocessing = 0;
		};
/* End PBXFrameworksBuildPhase section */

/* Begin PBXGroup section */
		822B2BEF2E2D3706005C823D /* ValidationError */ = {
			isa = PBXGroup;
			children = (
				822B2BF22E2D37D9005C823D /* ValidationErrorType.swift */,
				822B2BF02E2D370E005C823D /* ValidationError.swift */,
				82FD1C232E2D206B00FCE8F8 /* ValidationAlertError.swift */,
			);
			path = ValidationError;
			sourceTree = "<group>";
		};
		82C448B02E48FE1B00DE0AE5 /* Services */ = {
			isa = PBXGroup;
			children = (
				82B583B02E59C90C00FB0DAB /* TrainAPIRequestSending.swift */,
				82C448B22E48FE4400DE0AE5 /* SoccerAPIService.swift */,
				82C448B52E48FF2700DE0AE5 /* MatchCheckerService.swift */,
				82C448E42E49083700DE0AE5 /* SoccerAPIRequestSending.swift */,
				82C448E82E4908EB00DE0AE5 /* MatchChecking.swift */,
				82B583AE2E59C8D900FB0DAB /* TrainAPIService.swift */,
				820B46AB2F0A5AC300DBA30A /* Logging.swift */,
				820B46AD2F0A5B4700DBA30A /* LoggingService.swift */,
				82A10DA82F2D341E00B82BC3 /* UrlBuilding.swift */,
				82A10DAA2F2D34D400B82BC3 /* UrlErrorHandling.swift */,
				82A10DAC2F2D351A00B82BC3 /* ResponseDecoding.swift */,
				82A10DB02F2D357800B82BC3 /* UrlBuilderService.swift */,
			);
			path = Services;
			sourceTree = "<group>";
		};
		82FD1C252E2D259700FCE8F8 /* API */ = {
			isa = PBXGroup;
			children = (
				82B583B22E59D5F400FB0DAB /* Station.swift */,
				82F696462E2B853C00949282 /* MatchResult.swift */,
				82F696442E2B84F800949282 /* Team.swift */,
				82F696422E2B84D600949282 /* Event.swift */,
				82FAF7C22E9A8F64003FFCF1 /* Journey.swift */,
				82FAF7CA2E9A9161003FFCF1 /* JourneyResponse.swift */,
				82FAF7CC2E9A9564003FFCF1 /* Leg.swift */,
				82C3B0C02EA5288C00AF6D65 /* EventResonse.swift */,
				82BF0B2B2EA6B43C00ABDB13 /* Stop.swift */,
				82BF0B2D2EA6B44F00ABDB13 /* Stopover.swift */,
				82BF0B2F2EA6BD4C00ABDB13 /* VenueResponse.swift */,
				82BF0B312EA6BD9B00ABDB13 /* Venue.swift */,
			);
			path = API;
			sourceTree = "<group>";
		};
		B0AE80972A98C6B300EA557E = {
			isa = PBXGroup;
			children = (
				824F142E2E2ECFC1008651F6 /* avoid-fans.xctestplan */,
				B0AE80A22A98C6B300EA557E /* avoid-fans */,
				82FD1C2B2E2D2D2200FCE8F8 /* Unit Tests */,
				82858AEC2E34EDAB0043F0FA /* avoid-fansUITests */,
				B0AE80A12A98C6B300EA557E /* Products */,
			);
			sourceTree = "<group>";
		};
		B0AE80A12A98C6B300EA557E /* Products */ = {
			isa = PBXGroup;
			children = (
				B0AE80A02A98C6B300EA557E /* avoid-fans.app */,
				82FD1C2A2E2D2D2200FCE8F8 /* Unit Tests.xctest */,
				82858AEB2E34EDAB0043F0FA /* avoid-fansUITests.xctest */,
			);
			name = Products;
			sourceTree = "<group>";
		};
		B0AE80A22A98C6B300EA557E /* avoid-fans */ = {
			isa = PBXGroup;
			children = (
				82F6964A2E2B8C9F00949282 /* Util */,
				82C448B02E48FE1B00DE0AE5 /* Services */,
				82FC26362E33FAED00A2891C /* Styles */,
				82FD1C192E2D19C100FCE8F8 /* ViewModel */,
				B0AE80D02A98CFCE00EA557E /* Views */,
				B0AE80CF2A98CFC400EA557E /* Models */,
				B0AE80A32A98C6B300EA557E /* avoid_fansApp.swift */,
				B0AE80A72A98C6B700EA557E /* Assets.xcassets */,
				B0AE80A92A98C6B700EA557E /* Preview Content */,
			);
			path = "avoid-fans";
			sourceTree = "<group>";
		};
		B0AE80A92A98C6B700EA557E /* Preview Content */ = {
			isa = PBXGroup;
			children = (
				B0AE80AA2A98C6B700EA557E /* Preview Assets.xcassets */,
			);
			path = "Preview Content";
			sourceTree = "<group>";
		};
		B0AE80CF2A98CFC400EA557E /* Models */ = {
			isa = PBXGroup;
			children = (
				820FAEF52E5A4597008BAB5D /* JourneyTimeSelection.swift */,
				822B2BEF2E2D3706005C823D /* ValidationError */,
				82FD1C252E2D259700FCE8F8 /* API */,
				82FD1C1D2E2D1B3800FCE8F8 /* UserInput.swift */,
			);
			path = Models;
			sourceTree = "<group>";
		};
		B0AE80D02A98CFCE00EA557E /* Views */ = {
			isa = PBXGroup;
			children = (
				821A04202E315601000C8069 /* ResultView.swift */,
				82FD1C1F2E2D200000FCE8F8 /* Extension */,
				82ACC6DA2E2AC59400833A41 /* PickerView.swift */,
				B0AE80CD2A98C86F00EA557E /* ContentView.swift */,
				B0AE80D32A98D29800EA557E /* UserInputView.swift */,
				828BCB862E510D9A00C771C8 /* Localizable.xcstrings */,
				82FAF7CE2E9A97EE003FFCF1 /* TrainSelectionView.swift */,
				82FAF7D02E9A9A60003FFCF1 /* JourneyRow.swift */,
			);
			path = Views;
			sourceTree = "<group>";
		};
/* End PBXGroup section */

/* Begin PBXNativeTarget section */
		82858AEA2E34EDAB0043F0FA /* avoid-fansUITests */ = {
			isa = PBXNativeTarget;
			buildConfigurationList = 82858AF32E34EDAB0043F0FA /* Build configuration list for PBXNativeTarget "avoid-fansUITests" */;
			buildPhases = (
				82858AE72E34EDAB0043F0FA /* Sources */,
				82858AE82E34EDAB0043F0FA /* Frameworks */,
				82858AE92E34EDAB0043F0FA /* Resources */,
			);
			buildRules = (
			);
			dependencies = (
				82858AF22E34EDAB0043F0FA /* PBXTargetDependency */,
			);
			fileSystemSynchronizedGroups = (
				82858AEC2E34EDAB0043F0FA /* avoid-fansUITests */,
			);
			name = "avoid-fansUITests";
			packageProductDependencies = (
			);
			productName = "avoid-fansUITests";
			productReference = 82858AEB2E34EDAB0043F0FA /* avoid-fansUITests.xctest */;
			productType = "com.apple.product-type.bundle.ui-testing";
		};
		82FD1C292E2D2D2200FCE8F8 /* Unit Tests */ = {
			isa = PBXNativeTarget;
			buildConfigurationList = 82FD1C302E2D2D2200FCE8F8 /* Build configuration list for PBXNativeTarget "Unit Tests" */;
			buildPhases = (
				82FD1C262E2D2D2200FCE8F8 /* Sources */,
				82FD1C272E2D2D2200FCE8F8 /* Frameworks */,
				82FD1C282E2D2D2200FCE8F8 /* Resources */,
			);
			buildRules = (
			);
			dependencies = (
				82FD1C2F2E2D2D2200FCE8F8 /* PBXTargetDependency */,
			);
			fileSystemSynchronizedGroups = (
				82FD1C2B2E2D2D2200FCE8F8 /* Unit Tests */,
			);
			name = "Unit Tests";
			packageProductDependencies = (
			);
			productName = "Unit Tests";
			productReference = 82FD1C2A2E2D2D2200FCE8F8 /* Unit Tests.xctest */;
			productType = "com.apple.product-type.bundle.unit-test";
		};
		B0AE809F2A98C6B300EA557E /* avoid-fans */ = {
			isa = PBXNativeTarget;
			buildConfigurationList = B0AE80C42A98C6B700EA557E /* Build configuration list for PBXNativeTarget "avoid-fans" */;
			buildPhases = (
				B0AE809C2A98C6B300EA557E /* Sources */,
				B0AE809D2A98C6B300EA557E /* Frameworks */,
				B0AE809E2A98C6B300EA557E /* Resources */,
			);
			buildRules = (
			);
			dependencies = (
			);
			fileSystemSynchronizedGroups = (
				82F6964A2E2B8C9F00949282 /* Util */,
				82FC26362E33FAED00A2891C /* Styles */,
				82FD1C192E2D19C100FCE8F8 /* ViewModel */,
				82FD1C1F2E2D200000FCE8F8 /* Extension */,
			);
			name = "avoid-fans";
			productName = "avoid-fans";
			productReference = B0AE80A02A98C6B300EA557E /* avoid-fans.app */;
			productType = "com.apple.product-type.application";
		};
/* End PBXNativeTarget section */

/* Begin PBXProject section */
		B0AE80982A98C6B300EA557E /* Project object */ = {
			isa = PBXProject;
			attributes = {
				BuildIndependentTargetsInParallel = 1;
				LastSwiftUpdateCheck = 1640;
				LastUpgradeCheck = 1640;
				TargetAttributes = {
					82858AEA2E34EDAB0043F0FA = {
						CreatedOnToolsVersion = 16.4;
						TestTargetID = B0AE809F2A98C6B300EA557E;
					};
					82FD1C292E2D2D2200FCE8F8 = {
						CreatedOnToolsVersion = 16.2;
						TestTargetID = B0AE809F2A98C6B300EA557E;
					};
					B0AE809F2A98C6B300EA557E = {
						CreatedOnToolsVersion = 14.3.1;
					};
				};
			};
			buildConfigurationList = B0AE809B2A98C6B300EA557E /* Build configuration list for PBXProject "avoid-fans" */;
			compatibilityVersion = "Xcode 14.0";
			developmentRegion = en;
			hasScannedForEncodings = 0;
			knownRegions = (
				en,
				Base,
				de,
			);
			mainGroup = B0AE80972A98C6B300EA557E;
			productRefGroup = B0AE80A12A98C6B300EA557E /* Products */;
			projectDirPath = "";
			projectRoot = "";
			targets = (
				B0AE809F2A98C6B300EA557E /* avoid-fans */,
				82FD1C292E2D2D2200FCE8F8 /* Unit Tests */,
				82858AEA2E34EDAB0043F0FA /* avoid-fansUITests */,
			);
		};
/* End PBXProject section */

/* Begin PBXResourcesBuildPhase section */
		82858AE92E34EDAB0043F0FA /* Resources */ = {
			isa = PBXResourcesBuildPhase;
			buildActionMask = 2147483647;
			files = (
			);
			runOnlyForDeploymentPostprocessing = 0;
		};
		82FD1C282E2D2D2200FCE8F8 /* Resources */ = {
			isa = PBXResourcesBuildPhase;
			buildActionMask = 2147483647;
			files = (
			);
			runOnlyForDeploymentPostprocessing = 0;
		};
		B0AE809E2A98C6B300EA557E /* Resources */ = {
			isa = PBXResourcesBuildPhase;
			buildActionMask = 2147483647;
			files = (
				B0AE80AB2A98C6B700EA557E /* Preview Assets.xcassets in Resources */,
				B0AE80A82A98C6B700EA557E /* Assets.xcassets in Resources */,
				828BCB872E510D9A00C771C8 /* Localizable.xcstrings in Resources */,
			);
			runOnlyForDeploymentPostprocessing = 0;
		};
/* End PBXResourcesBuildPhase section */

/* Begin PBXSourcesBuildPhase section */
		82858AE72E34EDAB0043F0FA /* Sources */ = {
			isa = PBXSourcesBuildPhase;
			buildActionMask = 2147483647;
			files = (
			);
			runOnlyForDeploymentPostprocessing = 0;
		};
		82FD1C262E2D2D2200FCE8F8 /* Sources */ = {
			isa = PBXSourcesBuildPhase;
			buildActionMask = 2147483647;
			files = (
			);
			runOnlyForDeploymentPostprocessing = 0;
		};
		B0AE809C2A98C6B300EA557E /* Sources */ = {
			isa = PBXSourcesBuildPhase;
			buildActionMask = 2147483647;
			files = (
				82C448B32E48FE4400DE0AE5 /* SoccerAPIService.swift in Sources */,
				82FD1C1E2E2D1B3B00FCE8F8 /* UserInput.swift in Sources */,
				82B583B12E59C91500FB0DAB /* TrainAPIRequestSending.swift in Sources */,
				82A10DAB2F2D34D400B82BC3 /* UrlErrorHandling.swift in Sources */,
				82C448B62E48FF2700DE0AE5 /* MatchCheckerService.swift in Sources */,
				820B46AE2F0A5B4700DBA30A /* LoggingService.swift in Sources */,
				82FD1C242E2D207200FCE8F8 /* ValidationAlertError.swift in Sources */,
				820B46AC2F0A5AC300DBA30A /* Logging.swift in Sources */,
				82F696452E2B84FA00949282 /* Team.swift in Sources */,
				82B583AF2E59C8D900FB0DAB /* TrainAPIService.swift in Sources */,
				82A10DB12F2D357800B82BC3 /* UrlBuilderService.swift in Sources */,
				B0AE80D42A98D29800EA557E /* UserInputView.swift in Sources */,
				82BF0B2C2EA6B43C00ABDB13 /* Stop.swift in Sources */,
				82ACC6DB2E2AC59900833A41 /* PickerView.swift in Sources */,
				B0AE80CE2A98C86F00EA557E /* ContentView.swift in Sources */,
				82F696472E2B853F00949282 /* MatchResult.swift in Sources */,
				82C448E92E4908EB00DE0AE5 /* MatchChecking.swift in Sources */,
				82A10DA92F2D341E00B82BC3 /* UrlBuilding.swift in Sources */,
				82FAF7CF2E9A97EE003FFCF1 /* TrainSelectionView.swift in Sources */,
				82B583B32E59D60B00FB0DAB /* Station.swift in Sources */,
				82FAF7CB2E9A9161003FFCF1 /* JourneyResponse.swift in Sources */,
				822B2BF32E2D37DE005C823D /* ValidationErrorType.swift in Sources */,
				82C3B0C12EA5288C00AF6D65 /* EventResonse.swift in Sources */,
				822B2BF12E2D3712005C823D /* ValidationError.swift in Sources */,
				820FAEF62E5A459F008BAB5D /* JourneyTimeSelection.swift in Sources */,
				821A04212E315603000C8069 /* ResultView.swift in Sources */,
				82FAF7C32E9A8F64003FFCF1 /* Journey.swift in Sources */,
				82F696432E2B84D800949282 /* Event.swift in Sources */,
				82FAF7D12E9A9A60003FFCF1 /* JourneyRow.swift in Sources */,
				82BF0B322EA6BD9B00ABDB13 /* Venue.swift in Sources */,
				82FAF7CD2E9A9564003FFCF1 /* Leg.swift in Sources */,
				B0AE80A42A98C6B300EA557E /* avoid_fansApp.swift in Sources */,
				82BF0B2E2EA6B44F00ABDB13 /* Stopover.swift in Sources */,
				82A10DAD2F2D351A00B82BC3 /* ResponseDecoding.swift in Sources */,
				82BF0B302EA6BD4C00ABDB13 /* VenueResponse.swift in Sources */,
				82C448E52E49083700DE0AE5 /* SoccerAPIRequestSending.swift in Sources */,
			);
			runOnlyForDeploymentPostprocessing = 0;
		};
/* End PBXSourcesBuildPhase section */

/* Begin PBXTargetDependency section */
		82858AF22E34EDAB0043F0FA /* PBXTargetDependency */ = {
			isa = PBXTargetDependency;
			target = B0AE809F2A98C6B300EA557E /* avoid-fans */;
			targetProxy = 82858AF12E34EDAB0043F0FA /* PBXContainerItemProxy */;
		};
		82FD1C2F2E2D2D2200FCE8F8 /* PBXTargetDependency */ = {
			isa = PBXTargetDependency;
			target = B0AE809F2A98C6B300EA557E /* avoid-fans */;
			targetProxy = 82FD1C2E2E2D2D2200FCE8F8 /* PBXContainerItemProxy */;
		};
/* End PBXTargetDependency section */

/* Begin XCBuildConfiguration section */
		82858AF42E34EDAB0043F0FA /* Debug */ = {
			isa = XCBuildConfiguration;
			buildSettings = {
				ASSETCATALOG_COMPILER_GENERATE_SWIFT_ASSET_SYMBOL_EXTENSIONS = YES;
				CODE_SIGN_STYLE = Automatic;
				CURRENT_PROJECT_VERSION = 1;
				GCC_C_LANGUAGE_STANDARD = gnu17;
				GENERATE_INFOPLIST_FILE = YES;
				IPHONEOS_DEPLOYMENT_TARGET = 18.5;
				LOCALIZATION_PREFERS_STRING_CATALOGS = YES;
				MARKETING_VERSION = 1.0;
				PRODUCT_BUNDLE_IDENTIFIER = "avoid-fans.avoid-fansUITests";
				PRODUCT_NAME = "$(TARGET_NAME)";
				SWIFT_ACTIVE_COMPILATION_CONDITIONS = "DEBUG $(inherited)";
				SWIFT_EMIT_LOC_STRINGS = NO;
				SWIFT_VERSION = 5.0;
				TARGETED_DEVICE_FAMILY = "1,2";
				TEST_TARGET_NAME = "avoid-fans";
			};
			name = Debug;
		};
		82858AF52E34EDAB0043F0FA /* Release */ = {
			isa = XCBuildConfiguration;
			buildSettings = {
				ASSETCATALOG_COMPILER_GENERATE_SWIFT_ASSET_SYMBOL_EXTENSIONS = YES;
				CODE_SIGN_STYLE = Automatic;
				CURRENT_PROJECT_VERSION = 1;
				GCC_C_LANGUAGE_STANDARD = gnu17;
				GENERATE_INFOPLIST_FILE = YES;
				IPHONEOS_DEPLOYMENT_TARGET = 18.5;
				LOCALIZATION_PREFERS_STRING_CATALOGS = YES;
				MARKETING_VERSION = 1.0;
				PRODUCT_BUNDLE_IDENTIFIER = "avoid-fans.avoid-fansUITests";
				PRODUCT_NAME = "$(TARGET_NAME)";
				SWIFT_EMIT_LOC_STRINGS = NO;
				SWIFT_VERSION = 5.0;
				TARGETED_DEVICE_FAMILY = "1,2";
				TEST_TARGET_NAME = "avoid-fans";
			};
			name = Release;
		};
		82FD1C312E2D2D2200FCE8F8 /* Debug */ = {
			isa = XCBuildConfiguration;
			buildSettings = {
				ASSETCATALOG_COMPILER_GENERATE_SWIFT_ASSET_SYMBOL_EXTENSIONS = YES;
				BUNDLE_LOADER = "$(TEST_HOST)";
				CODE_SIGN_STYLE = Automatic;
				CURRENT_PROJECT_VERSION = 1;
				GCC_C_LANGUAGE_STANDARD = gnu17;
				GENERATE_INFOPLIST_FILE = YES;
				IPHONEOS_DEPLOYMENT_TARGET = 18.2;
				LOCALIZATION_PREFERS_STRING_CATALOGS = YES;
				MARKETING_VERSION = 1.0;
				PRODUCT_BUNDLE_IDENTIFIER = "avoid-fans.Unit-Tests";
				PRODUCT_NAME = "$(TARGET_NAME)";
				SWIFT_ACTIVE_COMPILATION_CONDITIONS = "DEBUG $(inherited)";
				SWIFT_EMIT_LOC_STRINGS = NO;
				SWIFT_VERSION = 5.0;
				TARGETED_DEVICE_FAMILY = "1,2";
				TEST_HOST = "$(BUILT_PRODUCTS_DIR)/avoid-fans.app/$(BUNDLE_EXECUTABLE_FOLDER_PATH)/avoid-fans";
			};
			name = Debug;
		};
		82FD1C322E2D2D2200FCE8F8 /* Release */ = {
			isa = XCBuildConfiguration;
			buildSettings = {
				ASSETCATALOG_COMPILER_GENERATE_SWIFT_ASSET_SYMBOL_EXTENSIONS = YES;
				BUNDLE_LOADER = "$(TEST_HOST)";
				CODE_SIGN_STYLE = Automatic;
				CURRENT_PROJECT_VERSION = 1;
				GCC_C_LANGUAGE_STANDARD = gnu17;
				GENERATE_INFOPLIST_FILE = YES;
				IPHONEOS_DEPLOYMENT_TARGET = 18.2;
				LOCALIZATION_PREFERS_STRING_CATALOGS = YES;
				MARKETING_VERSION = 1.0;
				PRODUCT_BUNDLE_IDENTIFIER = "avoid-fans.Unit-Tests";
				PRODUCT_NAME = "$(TARGET_NAME)";
				SWIFT_EMIT_LOC_STRINGS = NO;
				SWIFT_VERSION = 5.0;
				TARGETED_DEVICE_FAMILY = "1,2";
				TEST_HOST = "$(BUILT_PRODUCTS_DIR)/avoid-fans.app/$(BUNDLE_EXECUTABLE_FOLDER_PATH)/avoid-fans";
			};
			name = Release;
		};
		B0AE80C22A98C6B700EA557E /* Debug */ = {
			isa = XCBuildConfiguration;
			buildSettings = {
				ALWAYS_SEARCH_USER_PATHS = NO;
				CLANG_ANALYZER_NONNULL = YES;
				CLANG_ANALYZER_NUMBER_OBJECT_CONVERSION = YES_AGGRESSIVE;
				CLANG_CXX_LANGUAGE_STANDARD = "gnu++20";
				CLANG_ENABLE_MODULES = YES;
				CLANG_ENABLE_OBJC_ARC = YES;
				CLANG_ENABLE_OBJC_WEAK = YES;
				CLANG_WARN_BLOCK_CAPTURE_AUTORELEASING = YES;
				CLANG_WARN_BOOL_CONVERSION = YES;
				CLANG_WARN_COMMA = YES;
				CLANG_WARN_CONSTANT_CONVERSION = YES;
				CLANG_WARN_DEPRECATED_OBJC_IMPLEMENTATIONS = YES;
				CLANG_WARN_DIRECT_OBJC_ISA_USAGE = YES_ERROR;
				CLANG_WARN_DOCUMENTATION_COMMENTS = YES;
				CLANG_WARN_EMPTY_BODY = YES;
				CLANG_WARN_ENUM_CONVERSION = YES;
				CLANG_WARN_INFINITE_RECURSION = YES;
				CLANG_WARN_INT_CONVERSION = YES;
				CLANG_WARN_NON_LITERAL_NULL_CONVERSION = YES;
				CLANG_WARN_OBJC_IMPLICIT_RETAIN_SELF = YES;
				CLANG_WARN_OBJC_LITERAL_CONVERSION = YES;
				CLANG_WARN_OBJC_ROOT_CLASS = YES_ERROR;
				CLANG_WARN_QUOTED_INCLUDE_IN_FRAMEWORK_HEADER = YES;
				CLANG_WARN_RANGE_LOOP_ANALYSIS = YES;
				CLANG_WARN_STRICT_PROTOTYPES = YES;
				CLANG_WARN_SUSPICIOUS_MOVE = YES;
				CLANG_WARN_UNGUARDED_AVAILABILITY = YES_AGGRESSIVE;
				CLANG_WARN_UNREACHABLE_CODE = YES;
				CLANG_WARN__DUPLICATE_METHOD_MATCH = YES;
				COPY_PHASE_STRIP = NO;
				DEBUG_INFORMATION_FORMAT = dwarf;
				ENABLE_STRICT_OBJC_MSGSEND = YES;
				ENABLE_TESTABILITY = YES;
				ENABLE_USER_SCRIPT_SANDBOXING = YES;
				GCC_C_LANGUAGE_STANDARD = gnu11;
				GCC_DYNAMIC_NO_PIC = NO;
				GCC_NO_COMMON_BLOCKS = YES;
				GCC_OPTIMIZATION_LEVEL = 0;
				GCC_PREPROCESSOR_DEFINITIONS = (
					"DEBUG=1",
					"$(inherited)",
				);
				GCC_WARN_64_TO_32_BIT_CONVERSION = YES;
				GCC_WARN_ABOUT_RETURN_TYPE = YES_ERROR;
				GCC_WARN_UNDECLARED_SELECTOR = YES;
				GCC_WARN_UNINITIALIZED_AUTOS = YES_AGGRESSIVE;
				GCC_WARN_UNUSED_FUNCTION = YES;
				GCC_WARN_UNUSED_VARIABLE = YES;
				IPHONEOS_DEPLOYMENT_TARGET = 16.4;
				MTL_ENABLE_DEBUG_INFO = INCLUDE_SOURCE;
				MTL_FAST_MATH = YES;
				ONLY_ACTIVE_ARCH = YES;
				SDKROOT = iphoneos;
				SWIFT_ACTIVE_COMPILATION_CONDITIONS = DEBUG;
				SWIFT_EMIT_LOC_STRINGS = YES;
				SWIFT_OPTIMIZATION_LEVEL = "-Onone";
			};
			name = Debug;
		};
		B0AE80C32A98C6B700EA557E /* Release */ = {
			isa = XCBuildConfiguration;
			buildSettings = {
				ALWAYS_SEARCH_USER_PATHS = NO;
				CLANG_ANALYZER_NONNULL = YES;
				CLANG_ANALYZER_NUMBER_OBJECT_CONVERSION = YES_AGGRESSIVE;
				CLANG_CXX_LANGUAGE_STANDARD = "gnu++20";
				CLANG_ENABLE_MODULES = YES;
				CLANG_ENABLE_OBJC_ARC = YES;
				CLANG_ENABLE_OBJC_WEAK = YES;
				CLANG_WARN_BLOCK_CAPTURE_AUTORELEASING = YES;
				CLANG_WARN_BOOL_CONVERSION = YES;
				CLANG_WARN_COMMA = YES;
				CLANG_WARN_CONSTANT_CONVERSION = YES;
				CLANG_WARN_DEPRECATED_OBJC_IMPLEMENTATIONS = YES;
				CLANG_WARN_DIRECT_OBJC_ISA_USAGE = YES_ERROR;
				CLANG_WARN_DOCUMENTATION_COMMENTS = YES;
				CLANG_WARN_EMPTY_BODY = YES;
				CLANG_WARN_ENUM_CONVERSION = YES;
				CLANG_WARN_INFINITE_RECURSION = YES;
				CLANG_WARN_INT_CONVERSION = YES;
				CLANG_WARN_NON_LITERAL_NULL_CONVERSION = YES;
				CLANG_WARN_OBJC_IMPLICIT_RETAIN_SELF = YES;
				CLANG_WARN_OBJC_LITERAL_CONVERSION = YES;
				CLANG_WARN_OBJC_ROOT_CLASS = YES_ERROR;
				CLANG_WARN_QUOTED_INCLUDE_IN_FRAMEWORK_HEADER = YES;
				CLANG_WARN_RANGE_LOOP_ANALYSIS = YES;
				CLANG_WARN_STRICT_PROTOTYPES = YES;
				CLANG_WARN_SUSPICIOUS_MOVE = YES;
				CLANG_WARN_UNGUARDED_AVAILABILITY = YES_AGGRESSIVE;
				CLANG_WARN_UNREACHABLE_CODE = YES;
				CLANG_WARN__DUPLICATE_METHOD_MATCH = YES;
				COPY_PHASE_STRIP = NO;
				DEBUG_INFORMATION_FORMAT = "dwarf-with-dsym";
				ENABLE_NS_ASSERTIONS = NO;
				ENABLE_STRICT_OBJC_MSGSEND = YES;
				ENABLE_USER_SCRIPT_SANDBOXING = YES;
				GCC_C_LANGUAGE_STANDARD = gnu11;
				GCC_NO_COMMON_BLOCKS = YES;
				GCC_WARN_64_TO_32_BIT_CONVERSION = YES;
				GCC_WARN_ABOUT_RETURN_TYPE = YES_ERROR;
				GCC_WARN_UNDECLARED_SELECTOR = YES;
				GCC_WARN_UNINITIALIZED_AUTOS = YES_AGGRESSIVE;
				GCC_WARN_UNUSED_FUNCTION = YES;
				GCC_WARN_UNUSED_VARIABLE = YES;
				IPHONEOS_DEPLOYMENT_TARGET = 16.4;
				MTL_ENABLE_DEBUG_INFO = NO;
				MTL_FAST_MATH = YES;
				SDKROOT = iphoneos;
				SWIFT_COMPILATION_MODE = wholemodule;
				SWIFT_EMIT_LOC_STRINGS = YES;
				SWIFT_OPTIMIZATION_LEVEL = "-O";
				VALIDATE_PRODUCT = YES;
			};
			name = Release;
		};
		B0AE80C52A98C6B700EA557E /* Debug */ = {
			isa = XCBuildConfiguration;
			buildSettings = {
				ASSETCATALOG_COMPILER_APPICON_NAME = AppIcon;
				ASSETCATALOG_COMPILER_GLOBAL_ACCENT_COLOR_NAME = AccentColor;
				CODE_SIGN_STYLE = Automatic;
				CURRENT_PROJECT_VERSION = 1;
				DEVELOPMENT_ASSET_PATHS = "\"avoid-fans/Preview Content\"";
				ENABLE_PREVIEWS = YES;
				GENERATE_INFOPLIST_FILE = YES;
				INFOPLIST_KEY_LSApplicationCategoryType = "public.app-category.travel";
				INFOPLIST_KEY_UIApplicationSceneManifest_Generation = YES;
				INFOPLIST_KEY_UIApplicationSupportsIndirectInputEvents = YES;
				INFOPLIST_KEY_UILaunchScreen_Generation = YES;
				INFOPLIST_KEY_UISupportedInterfaceOrientations = UIInterfaceOrientationPortrait;
				INFOPLIST_KEY_UISupportedInterfaceOrientations_iPad = "UIInterfaceOrientationLandscapeLeft UIInterfaceOrientationLandscapeRight UIInterfaceOrientationPortrait UIInterfaceOrientationPortraitUpsideDown";
				IPHONEOS_DEPLOYMENT_TARGET = 17.6;
				LD_RUNPATH_SEARCH_PATHS = (
					"$(inherited)",
					"@executable_path/Frameworks",
				);
				MARKETING_VERSION = 1.0;
				PRODUCT_BUNDLE_IDENTIFIER = "-.avoid-fans";
				PRODUCT_NAME = "$(TARGET_NAME)";
				SWIFT_EMIT_LOC_STRINGS = YES;
				SWIFT_VERSION = 5.0;
				TARGETED_DEVICE_FAMILY = 1;
			};
			name = Debug;
		};
		B0AE80C62A98C6B700EA557E /* Release */ = {
			isa = XCBuildConfiguration;
			buildSettings = {
				ASSETCATALOG_COMPILER_APPICON_NAME = AppIcon;
				ASSETCATALOG_COMPILER_GLOBAL_ACCENT_COLOR_NAME = AccentColor;
				CODE_SIGN_STYLE = Automatic;
				CURRENT_PROJECT_VERSION = 1;
				DEVELOPMENT_ASSET_PATHS = "\"avoid-fans/Preview Content\"";
				ENABLE_PREVIEWS = YES;
				GENERATE_INFOPLIST_FILE = YES;
				INFOPLIST_KEY_LSApplicationCategoryType = "public.app-category.travel";
				INFOPLIST_KEY_UIApplicationSceneManifest_Generation = YES;
				INFOPLIST_KEY_UIApplicationSupportsIndirectInputEvents = YES;
				INFOPLIST_KEY_UILaunchScreen_Generation = YES;
				INFOPLIST_KEY_UISupportedInterfaceOrientations = UIInterfaceOrientationPortrait;
				INFOPLIST_KEY_UISupportedInterfaceOrientations_iPad = "UIInterfaceOrientationLandscapeLeft UIInterfaceOrientationLandscapeRight UIInterfaceOrientationPortrait UIInterfaceOrientationPortraitUpsideDown";
				IPHONEOS_DEPLOYMENT_TARGET = 17.6;
				LD_RUNPATH_SEARCH_PATHS = (
					"$(inherited)",
					"@executable_path/Frameworks",
				);
				MARKETING_VERSION = 1.0;
				PRODUCT_BUNDLE_IDENTIFIER = "-.avoid-fans";
				PRODUCT_NAME = "$(TARGET_NAME)";
				SWIFT_EMIT_LOC_STRINGS = YES;
				SWIFT_VERSION = 5.0;
				TARGETED_DEVICE_FAMILY = 1;
			};
			name = Release;
		};
/* End XCBuildConfiguration section */

/* Begin XCConfigurationList section */
		82858AF32E34EDAB0043F0FA /* Build configuration list for PBXNativeTarget "avoid-fansUITests" */ = {
			isa = XCConfigurationList;
			buildConfigurations = (
				82858AF42E34EDAB0043F0FA /* Debug */,
				82858AF52E34EDAB0043F0FA /* Release */,
			);
			defaultConfigurationIsVisible = 0;
			defaultConfigurationName = Debug;
		};
		82FD1C302E2D2D2200FCE8F8 /* Build configuration list for PBXNativeTarget "Unit Tests" */ = {
			isa = XCConfigurationList;
			buildConfigurations = (
				82FD1C312E2D2D2200FCE8F8 /* Debug */,
				82FD1C322E2D2D2200FCE8F8 /* Release */,
			);
			defaultConfigurationIsVisible = 0;
			defaultConfigurationName = Debug;
		};
		B0AE809B2A98C6B300EA557E /* Build configuration list for PBXProject "avoid-fans" */ = {
			isa = XCConfigurationList;
			buildConfigurations = (
				B0AE80C22A98C6B700EA557E /* Debug */,
				B0AE80C32A98C6B700EA557E /* Release */,
			);
			defaultConfigurationIsVisible = 0;
			defaultConfigurationName = Debug;
		};
		B0AE80C42A98C6B700EA557E /* Build configuration list for PBXNativeTarget "avoid-fans" */ = {
			isa = XCConfigurationList;
			buildConfigurations = (
				B0AE80C52A98C6B700EA557E /* Debug */,
				B0AE80C62A98C6B700EA557E /* Release */,
			);
			defaultConfigurationIsVisible = 0;
			defaultConfigurationName = Debug;
		};
/* End XCConfigurationList section */
	};
	rootObject = B0AE80982A98C6B300EA557E /* Project object */;
}
